<?xml version="1.0" encoding="utf-8"?>
<Project ToolsVersion="4.0" xmlns="http://schemas.microsoft.com/developer/msbuild/2003">
  <ItemGroup>
    <ClCompile Include="ConsoleApplication10.cpp" />
    <ClCompile Include="ソース.cpp" />
    <ClCompile Include="HmCppInvoke.cpp">
      <Filter>hidemaru</Filter>
    </ClCompile>
    <ClCompile Include="HmCppInvokeData.cpp">
      <Filter>hidemaru</Filter>
    </ClCompile>
    <ClCompile Include="HmCppInvokeDllMain.cpp">
      <Filter>hidemaru</Filter>
    </ClCompile>
  </ItemGroup>
  <ItemGroup>
    <Filter Include="hidemaru">
      <UniqueIdentifier>{5419cad6-5146-4451-9bc3-765b7936cbf3}</UniqueIdentifier>
    </Filter>
  </ItemGroup>
  <ItemGroup>
    <ClInclude Include="HmCppInvoke.h">
      <Filter>hidemaru</Filter>
    </ClInclude>
  </ItemGroup>
</Project>